{
  "meteor": {
    "git": "https://github.com/meteor/meteor.git",
    "tag": "release/template-engine-preview-release-10.1",
    "commit": "30a4b2b7d463ac22980661a23eec0e4743a52d20"
  },
  "dependencies": {
    "basePackages": {
      "iron-router": {
        "git": "https://github.com/EventedMind/iron-router.git",
        "branch": "shark"
      }
    },
    "packages": {
      "iron-router": {
        "git": "https://github.com/EventedMind/iron-router.git",
        "branch": "shark",
        "commit": "4f55d0acc293abb4a9492229e8d2be0ec0e176c1"
      }
    }
  }
}
